
Microsoft Visual Studio Solution File, Format Version 12.00
# Visual Studio 2012
Project("{FAE04EC0-301F-11D3-BF4B-00C04F79EFBC}") = "WallaceFarms", "WallaceFarms\WallaceFarms.csproj", "{DEAFB8DB-7156-4B2F-A67C-0A3F5220CD3C}"
EndProject
Global
	GlobalSection(SolutionConfigurationPlatforms) = preSolution
		Debug|Any CPU = Debug|Any CPU
		Release|Any CPU = Release|Any CPU
	EndGlobalSection
	GlobalSection(ProjectConfigurationPlatforms) = postSolution
		{DEAFB8DB-7156-4B2F-A67C-0A3F5220CD3C}.Debug|Any CPU.ActiveCfg = Debug|Any CPU
		{DEAFB8DB-7156-4B2F-A67C-0A3F5220CD3C}.Debug|Any CPU.Build.0 = Debug|Any CPU
		{DEAFB8DB-7156-4B2F-A67C-0A3F5220CD3C}.Release|Any CPU.ActiveCfg = Release|Any CPU
		{DEAFB8DB-7156-4B2F-A67C-0A3F5220CD3C}.Release|Any CPU.Build.0 = Release|Any CPU
	EndGlobalSection
	GlobalSection(SolutionProperties) = preSolution
		HideSolutionNode = FALSE
	EndGlobalSection
EndGlobal
